<?xml version="1.0" encoding="utf-8"?>
<Project ToolsVersion="4.0" xmlns="http://schemas.microsoft.com/developer/msbuild/2003">
  <ItemGroup>
    <Filter Include="源文件">
      <UniqueIdentifier>{4FC737F1-C7A5-4376-A066-2A32D752A2FF}</UniqueIdentifier>
      <Extensions>cpp;c;cc;cxx;c++;cppm;ixx;def;odl;idl;hpj;bat;asm;asmx</Extensions>
    </Filter>
    <Filter Include="头文件">
      <UniqueIdentifier>{93995380-89BD-4b04-88EB-625FBE52EBFB}</UniqueIdentifier>
      <Extensions>h;hh;hpp;hxx;h++;hm;inl;inc;ipp;xsd</Extensions>
    </Filter>
    <Filter Include="资源文件">
      <UniqueIdentifier>{67DA6AB6-F800-4c08-8B7A-83BB121AAD01}</UniqueIdentifier>
      <Extensions>rc;ico;cur;bmp;dlg;rc2;rct;bin;rgs;gif;jpg;jpeg;jpe;resx;tiff;tif;png;wav;mfcribbon-ms</Extensions>
    </Filter>
    <Filter Include="头文件\math">
      <UniqueIdentifier>{55b342e1-a34a-4663-9b26-a3f38459a198}</UniqueIdentifier>
    </Filter>
  </ItemGroup>
  <ItemGroup>
    <ClCompile Include="main.cpp">
      <Filter>源文件</Filter>
    </ClCompile>
    <ClCompile Include="Window.cpp">
      <Filter>源文件</Filter>
    </ClCompile>
    <ClCompile Include="Painter.cpp">
      <Filter>源文件</Filter>
    </ClCompile>
    <ClCompile Include="TriMesh.cpp">
      <Filter>源文件</Filter>
    </ClCompile>
    <ClCompile Include="BaseZbuffer.cpp">
      <Filter>源文件</Filter>
    </ClCompile>
    <ClCompile Include="ScanLineZbuffer.cpp">
      <Filter>源文件</Filter>
    </ClCompile>
    <ClCompile Include="HieZbuffer.cpp">
      <Filter>源文件</Filter>
    </ClCompile>
    <ClCompile Include="OctreeZbuffer.cpp">
      <Filter>源文件</Filter>
    </ClCompile>
    <ClCompile Include="Octree.cpp">
      <Filter>源文件</Filter>
    </ClCompile>
  </ItemGroup>
  <ItemGroup>
    <ClInclude Include="Window.h">
      <Filter>头文件</Filter>
    </ClInclude>
    <ClInclude Include="Painter.h">
      <Filter>头文件</Filter>
    </ClInclude>
    <ClInclude Include="math\Matrix.h">
      <Filter>头文件\math</Filter>
    </ClInclude>
    <ClInclude Include="math\Vec.h">
      <Filter>头文件\math</Filter>
    </ClInclude>
    <ClInclude Include="TriMesh.h">
      <Filter>头文件</Filter>
    </ClInclude>
    <ClInclude Include="BaseZbuffer.h">
      <Filter>头文件</Filter>
    </ClInclude>
    <ClInclude Include="ScanLineZbuffer.h">
      <Filter>头文件</Filter>
    </ClInclude>
    <ClInclude Include="HieZbuffer.h">
      <Filter>头文件</Filter>
    </ClInclude>
    <ClInclude Include="OctreeZbuffer.h">
      <Filter>头文件</Filter>
    </ClInclude>
    <ClInclude Include="math\AABB.h">
      <Filter>头文件\math</Filter>
    </ClInclude>
    <ClInclude Include="Octree.h">
      <Filter>头文件</Filter>
    </ClInclude>
    <ClInclude Include="Color.h">
      <Filter>头文件</Filter>
    </ClInclude>
  </ItemGroup>
</Project>